# This file is automatically @generated by Cargo.
# It is not intended for manual editing.
version = 3

[[package]]
name = "bumpalo"
version = "3.20.3"
source = "registry+https://github.com/rust-lang/crates.io-index"
checksum = "72f5acc6cb2ba439de613abc23857ec3d78374d8ed5ac84e9d11336e87da8649"

[[package]]
name = "leb128"
version = "0.2.7"
source = "registry+https://github.com/rust-lang/crates.io-index"
checksum = "c83bff1d572d6b9aeef67ddfc8448e4a3737909cb28e81f97c791b9018703e52"

[[package]]
name = "memchr"
version = "2.8.3"
source = "registry+https://github.com/rust-lang/crates.io-index"
checksum = "cf8baf1c55e62ffcace7a9f06f4bd9cd3f0c4beb022d3b367256b91b87513d98"

[[package]]
name = "unicode-width"
version = "0.1.14"
source = "registry+https://github.com/rust-lang/crates.io-index"
checksum = "7dd6e30e90baa6f72411720665d41d89b9a3d039dc45b8faea1ddd07f617f6af"

[[package]]
name = "wasm-cli"
version = "0.1.0"
dependencies = [
 "wasm-parser",
 "wasm-runtime",
 "wasm-validator",
]

[[package]]
name = "wasm-encoder"
version = "0.217.1"
source = "registry+https://github.com/rust-lang/crates.io-index"
checksum = "10961fd76db420582926af70816dd205019d8152d9e51e1b939125dd1639f854"
dependencies = [
 "leb128",
]

[[package]]
name = "wasm-parser"
version = "0.1.0"

[[package]]
name = "wasm-runtime"
version = "0.1.0"
dependencies = [
 "wasm-parser",
 "wasm-validator",
 "wast",
]

[[package]]
name = "wasm-validator"
version = "0.1.0"
dependencies = [
 "wasm-parser",
]

[[package]]
name = "wast"
version = "217.0.0"
source = "registry+https://github.com/rust-lang/crates.io-index"
checksum = "79004ecebded92d3c710d4841383368c7f04b63d0992ddd6b0c7d5029b7629b7"
dependencies = [
 "bumpalo",
 "leb128",
 "memchr",
 "unicode-width",
 "wasm-encoder",
]
